Microsoft Visual Studio Solution File, Format Version 12.00
# Visual Studio 15
VisualStudioVersion = 15.0.28307.852
MinimumVisualStudioVersion = 10.0.40219.1
Project("{8BC9CEB8-8B4A-11D0-8D11-00A0C91BC942}") = "libfaac_dll", "libfaac_dll.vcxproj", "{856BB8CF-B944-4D7A-9D59-4945316229AA}"
EndProject
Global
	GlobalSection(SolutionConfigurationPlatforms) = preSolution
		Debug|Win32 = Debug|Win32
		Debug|x64 = Debug|x64
		Release|Win32 = Release|Win32
		Release|x64 = Release|x64
	EndGlobalSection
	GlobalSection(ProjectConfigurationPlatforms) = postSolution
		{856BB8CF-B944-4D7A-9D59-4945316229AA}.Debug|Win32.ActiveCfg = Debug|Win32
		{856BB8CF-B944-4D7A-9D59-4945316229AA}.Debug|Win32.Build.0 = Debug|Win32
		{856BB8CF-B944-4D7A-9D59-4945316229AA}.Debug|x64.ActiveCfg = Debug|x64
		{856BB8CF-B944-4D7A-9D59-4945316229AA}.Debug|x64.Build.0 = Debug|x64
		{856BB8CF-B944-4D7A-9D59-4945316229AA}.Release|Win32.ActiveCfg = Release|Win32
		{856BB8CF-B944-4D7A-9D59-4945316229AA}.Release|Win32.Build.0 = Release|Win32
		{856BB8CF-B944-4D7A-9D59-4945316229AA}.Release|x64.ActiveCfg = Release|x64
		{856BB8CF-B944-4D7A-9D59-4945316229AA}.Release|x64.Build.0 = Release|x64
	EndGlobalSection
	GlobalSection(SolutionProperties) = preSolution
		HideSolutionNode = FALSE
	EndGlobalSection
	GlobalSection(ExtensibilityGlobals) = postSolution
		SolutionGuid = {B3A84E35-1461-4457-9AD6-6D8BFBB2083B}
	EndGlobalSection
EndGlobal
